
Microsoft Visual Studio Solution File, Format Version 12.00
# Visual Studio Version 17
VisualStudioVersion = 17.5.33627.172
MinimumVisualStudioVersion = 10.0.40219.1
Project("{FAE04EC0-301F-11D3-BF4B-00C04F79EFBC}") = "atividade 14", "atividade 14.csproj", "{B15CC3AA-F51E-40BB-8AFD-5BBF115C4917}"
EndProject
Global
	GlobalSection(SolutionConfigurationPlatforms) = preSolution
		Debug|Any CPU = Debug|Any CPU
		Release|Any CPU = Release|Any CPU
	EndGlobalSection
	GlobalSection(ProjectConfigurationPlatforms) = postSolution
		{B15CC3AA-F51E-40BB-8AFD-5BBF115C4917}.Debug|Any CPU.ActiveCfg = Debug|Any CPU
		{B15CC3AA-F51E-40BB-8AFD-5BBF115C4917}.Debug|Any CPU.Build.0 = Debug|Any CPU
		{B15CC3AA-F51E-40BB-8AFD-5BBF115C4917}.Release|Any CPU.ActiveCfg = Release|Any CPU
		{B15CC3AA-F51E-40BB-8AFD-5BBF115C4917}.Release|Any CPU.Build.0 = Release|Any CPU
	EndGlobalSection
	GlobalSection(SolutionProperties) = preSolution
		HideSolutionNode = FALSE
	EndGlobalSection
	GlobalSection(ExtensibilityGlobals) = postSolution
		SolutionGuid = {19C18CA8-C30B-44BC-AC46-4A2A077536C8}
	EndGlobalSection
EndGlobal
