
Microsoft Visual Studio Solution File, Format Version 12.00
# Visual Studio Version 17
VisualStudioVersion = 17.5.33627.172
MinimumVisualStudioVersion = 10.0.40219.1
Project("{FAE04EC0-301F-11D3-BF4B-00C04F79EFBC}") = "atividade 18", "atividade 18.csproj", "{E55BC706-DB88-4658-96F9-7E8EC6255523}"
EndProject
Global
	GlobalSection(SolutionConfigurationPlatforms) = preSolution
		Debug|Any CPU = Debug|Any CPU
		Release|Any CPU = Release|Any CPU
	EndGlobalSection
	GlobalSection(ProjectConfigurationPlatforms) = postSolution
		{E55BC706-DB88-4658-96F9-7E8EC6255523}.Debug|Any CPU.ActiveCfg = Debug|Any CPU
		{E55BC706-DB88-4658-96F9-7E8EC6255523}.Debug|Any CPU.Build.0 = Debug|Any CPU
		{E55BC706-DB88-4658-96F9-7E8EC6255523}.Release|Any CPU.ActiveCfg = Release|Any CPU
		{E55BC706-DB88-4658-96F9-7E8EC6255523}.Release|Any CPU.Build.0 = Release|Any CPU
	EndGlobalSection
	GlobalSection(SolutionProperties) = preSolution
		HideSolutionNode = FALSE
	EndGlobalSection
	GlobalSection(ExtensibilityGlobals) = postSolution
		SolutionGuid = {333FF236-F327-4D54-A903-2ECFF704DFD0}
	EndGlobalSection
EndGlobal
